
Microsoft Visual Studio Solution File, Format Version 12.00
# Visual Studio 15
VisualStudioVersion = 15.0.28307.329
MinimumVisualStudioVersion = 10.0.40219.1
Project("{FAE04EC0-301F-11D3-BF4B-00C04F79EFBC}") = "atcoder", "atcoder\atcoder.csproj", "{FEAC9ADC-F333-4F55-A01A-727F503C709D}"
EndProject
Global
	GlobalSection(SolutionConfigurationPlatforms) = preSolution
		Debug|Any CPU = Debug|Any CPU
		Release|Any CPU = Release|Any CPU
	EndGlobalSection
	GlobalSection(ProjectConfigurationPlatforms) = postSolution
		{FEAC9ADC-F333-4F55-A01A-727F503C709D}.Debug|Any CPU.ActiveCfg = Debug|Any CPU
		{FEAC9ADC-F333-4F55-A01A-727F503C709D}.Debug|Any CPU.Build.0 = Debug|Any CPU
		{FEAC9ADC-F333-4F55-A01A-727F503C709D}.Release|Any CPU.ActiveCfg = Release|Any CPU
		{FEAC9ADC-F333-4F55-A01A-727F503C709D}.Release|Any CPU.Build.0 = Release|Any CPU
	EndGlobalSection
	GlobalSection(SolutionProperties) = preSolution
		HideSolutionNode = FALSE
	EndGlobalSection
	GlobalSection(ExtensibilityGlobals) = postSolution
		SolutionGuid = {F67AF634-67A2-4DA2-838D-C9E1BE51E738}
	EndGlobalSection
EndGlobal
